
Microsoft Visual Studio Solution File, Format Version 12.00
# Visual Studio Version 17
VisualStudioVersion = 17.9.34622.214
MinimumVisualStudioVersion = 10.0.40219.1
Project("{9A19103F-16F7-4668-BE54-9A1E7A4F7556}") = "WebBanHang", "WebBanHang\WebBanHang.csproj", "{DEBEC831-DD2B-45D9-A9AF-5F7554CE4539}"
EndProject
Project("{9A19103F-16F7-4668-BE54-9A1E7A4F7556}") = "MLModel_ConsoleApp1", "MLModel_ConsoleApp1\MLModel_ConsoleApp1.csproj", "{8A790513-DB46-4887-ADFA-9D960307985F}"
EndProject
Global
	GlobalSection(SolutionConfigurationPlatforms) = preSolution
		Debug|Any CPU = Debug|Any CPU
		Release|Any CPU = Release|Any CPU
	EndGlobalSection
	GlobalSection(ProjectConfigurationPlatforms) = postSolution
		{DEBEC831-DD2B-45D9-A9AF-5F7554CE4539}.Debug|Any CPU.ActiveCfg = Debug|Any CPU
		{DEBEC831-DD2B-45D9-A9AF-5F7554CE4539}.Debug|Any CPU.Build.0 = Debug|Any CPU
		{DEBEC831-DD2B-45D9-A9AF-5F7554CE4539}.Release|Any CPU.ActiveCfg = Release|Any CPU
		{DEBEC831-DD2B-45D9-A9AF-5F7554CE4539}.Release|Any CPU.Build.0 = Release|Any CPU
		{8A790513-DB46-4887-ADFA-9D960307985F}.Debug|Any CPU.ActiveCfg = Debug|Any CPU
		{8A790513-DB46-4887-ADFA-9D960307985F}.Debug|Any CPU.Build.0 = Debug|Any CPU
		{8A790513-DB46-4887-ADFA-9D960307985F}.Release|Any CPU.ActiveCfg = Release|Any CPU
		{8A790513-DB46-4887-ADFA-9D960307985F}.Release|Any CPU.Build.0 = Release|Any CPU
	EndGlobalSection
	GlobalSection(SolutionProperties) = preSolution
		HideSolutionNode = FALSE
	EndGlobalSection
	GlobalSection(ExtensibilityGlobals) = postSolution
		SolutionGuid = {17F30ED2-100A-4639-BB95-6497C834CC77}
	EndGlobalSection
EndGlobal
